
Microsoft Visual Studio Solution File, Format Version 12.00
# Visual Studio Version 17
VisualStudioVersion = 17.5.33516.290
MinimumVisualStudioVersion = 10.0.40219.1
Project("{FAE04EC0-301F-11D3-BF4B-00C04F79EFBC}") = "Neqatcom.API", "Neqatcom.API.csproj", "{6075B56E-B783-4006-85E9-C7D37622558E}"
EndProject
Project("{FAE04EC0-301F-11D3-BF4B-00C04F79EFBC}") = "Neqatcom.Infra", "..\Neqatcom.Infra\Neqatcom.Infra.csproj", "{D01F2B35-C8F1-4C20-94AD-B758459C465A}"
EndProject
Project("{FAE04EC0-301F-11D3-BF4B-00C04F79EFBC}") = "Neqatcom.Core", "..\Neqatcom.Core\Neqatcom.Core.csproj", "{ECF5FDF8-DACC-4B64-8323-C4F7F80967BE}"
EndProject
Global
	GlobalSection(SolutionConfigurationPlatforms) = preSolution
		Debug|Any CPU = Debug|Any CPU
		Release|Any CPU = Release|Any CPU
	EndGlobalSection
	GlobalSection(ProjectConfigurationPlatforms) = postSolution
		{6075B56E-B783-4006-85E9-C7D37622558E}.Debug|Any CPU.ActiveCfg = Debug|Any CPU
		{6075B56E-B783-4006-85E9-C7D37622558E}.Debug|Any CPU.Build.0 = Debug|Any CPU
		{6075B56E-B783-4006-85E9-C7D37622558E}.Release|Any CPU.ActiveCfg = Release|Any CPU
		{6075B56E-B783-4006-85E9-C7D37622558E}.Release|Any CPU.Build.0 = Release|Any CPU
		{D01F2B35-C8F1-4C20-94AD-B758459C465A}.Debug|Any CPU.ActiveCfg = Debug|Any CPU
		{D01F2B35-C8F1-4C20-94AD-B758459C465A}.Debug|Any CPU.Build.0 = Debug|Any CPU
		{D01F2B35-C8F1-4C20-94AD-B758459C465A}.Release|Any CPU.ActiveCfg = Release|Any CPU
		{D01F2B35-C8F1-4C20-94AD-B758459C465A}.Release|Any CPU.Build.0 = Release|Any CPU
		{ECF5FDF8-DACC-4B64-8323-C4F7F80967BE}.Debug|Any CPU.ActiveCfg = Debug|Any CPU
		{ECF5FDF8-DACC-4B64-8323-C4F7F80967BE}.Debug|Any CPU.Build.0 = Debug|Any CPU
		{ECF5FDF8-DACC-4B64-8323-C4F7F80967BE}.Release|Any CPU.ActiveCfg = Release|Any CPU
		{ECF5FDF8-DACC-4B64-8323-C4F7F80967BE}.Release|Any CPU.Build.0 = Release|Any CPU
	EndGlobalSection
	GlobalSection(SolutionProperties) = preSolution
		HideSolutionNode = FALSE
	EndGlobalSection
	GlobalSection(ExtensibilityGlobals) = postSolution
		SolutionGuid = {2F17F6C8-07A8-4E3B-81FF-CD0F25E627E7}
	EndGlobalSection
EndGlobal
